// !$*UTF8*$!
{
	archiveVersion = 1;
	classes = {
	};
	objectVersion = 55;
	objects = {

/* Begin PBXBuildFile section */
		74A104D8285789E6004562D4 /* Persistance.swift in Sources */ = {isa = PBXBuildFile; fileRef = 74A104CA285789E6004562D4 /* Persistance.swift */; };
		74A104D9285789E6004562D4 /* KryptoFetcher.swift in Sources */ = {isa = PBXBuildFile; fileRef = 74A104CB285789E6004562D4 /* KryptoFetcher.swift */; };
		74A104DA285789E6004562D4 /* Preview Assets.xcassets in Resources */ = {isa = PBXBuildFile; fileRef = 74A104CD285789E6004562D4 /* Preview Assets.xcassets */; };
		74A104DC285789E6004562D4 /* KryptosGrapheinApp.swift in Sources */ = {isa = PBXBuildFile; fileRef = 74A104CF285789E6004562D4 /* KryptosGrapheinApp.swift */; };
		74A104DD285789E6004562D4 /* KryptoDetailsView.swift in Sources */ = {isa = PBXBuildFile; fileRef = 74A104D1285789E6004562D4 /* KryptoDetailsView.swift */; };
		74A104DE285789E6004562D4 /* HomeView.swift in Sources */ = {isa = PBXBuildFile; fileRef = 74A104D2285789E6004562D4 /* HomeView.swift */; };
		74A104DF285789E6004562D4 /* KryptoLineView.swift in Sources */ = {isa = PBXBuildFile; fileRef = 74A104D3285789E6004562D4 /* KryptoLineView.swift */; };
		74A104E0285789E6004562D4 /* KryptosViewModel.swift in Sources */ = {isa = PBXBuildFile; fileRef = 74A104D5285789E6004562D4 /* KryptosViewModel.swift */; };
		74A104E1285789E6004562D4 /* KryptoEntityViewModel.swift in Sources */ = {isa = PBXBuildFile; fileRef = 74A104D6285789E6004562D4 /* KryptoEntityViewModel.swift */; };
		74A104E2285789E6004562D4 /* Assets.xcassets in Resources */ = {isa = PBXBuildFile; fileRef = 74A104D7285789E6004562D4 /* Assets.xcassets */; };
		74A104E528578A2C004562D4 /* Realm in Frameworks */ = {isa = PBXBuildFile; productRef = 74A104E428578A2C004562D4 /* Realm */; };
		74A104E728578A2C004562D4 /* RealmSwift in Frameworks */ = {isa = PBXBuildFile; productRef = 74A104E628578A2C004562D4 /* RealmSwift */; };
		74A104EA28578A4E004562D4 /* Kingfisher in Frameworks */ = {isa = PBXBuildFile; productRef = 74A104E928578A4E004562D4 /* Kingfisher */; };
		74A104ED28578A6C004562D4 /* SwiftUICharts in Frameworks */ = {isa = PBXBuildFile; productRef = 74A104EC28578A6C004562D4 /* SwiftUICharts */; };
		74A104EF28578A89004562D4 /* CryptoAPI.xcframework in Frameworks */ = {isa = PBXBuildFile; fileRef = 74A104EE28578A89004562D4 /* CryptoAPI.xcframework */; };
/* End PBXBuildFile section */

/* Begin PBXFileReference section */
		74A104B828578910004562D4 /* KryptosGraphein.app */ = {isa = PBXFileReference; explicitFileType = wrapper.application; includeInIndex = 0; path = KryptosGraphein.app; sourceTree = BUILT_PRODUCTS_DIR; };
		74A104CA285789E6004562D4 /* Persistance.swift */ = {isa = PBXFileReference; fileEncoding = 4; lastKnownFileType = sourcecode.swift; path = Persistance.swift; sourceTree = "<group>"; };
		74A104CB285789E6004562D4 /* KryptoFetcher.swift */ = {isa = PBXFileReference; fileEncoding = 4; lastKnownFileType = sourcecode.swift; path = KryptoFetcher.swift; sourceTree = "<group>"; };
		74A104CD285789E6004562D4 /* Preview Assets.xcassets */ = {isa = PBXFileReference; lastKnownFileType = folder.assetcatalog; path = "Preview Assets.xcassets"; sourceTree = "<group>"; };
		74A104CF285789E6004562D4 /* KryptosGrapheinApp.swift */ = {isa = PBXFileReference; fileEncoding = 4; lastKnownFileType = sourcecode.swift; path = KryptosGrapheinApp.swift; sourceTree = "<group>"; };
		74A104D1285789E6004562D4 /* KryptoDetailsView.swift */ = {isa = PBXFileReference; fileEncoding = 4; lastKnownFileType = sourcecode.swift; path = KryptoDetailsView.swift; sourceTree = "<group>"; };
		74A104D2285789E6004562D4 /* HomeView.swift */ = {isa = PBXFileReference; fileEncoding = 4; lastKnownFileType = sourcecode.swift; path = HomeView.swift; sourceTree = "<group>"; };
		74A104D3285789E6004562D4 /* KryptoLineView.swift */ = {isa = PBXFileReference; fileEncoding = 4; lastKnownFileType = sourcecode.swift; path = KryptoLineView.swift; sourceTree = "<group>"; };
		74A104D5285789E6004562D4 /* KryptosViewModel.swift */ = {isa = PBXFileReference; fileEncoding = 4; lastKnownFileType = sourcecode.swift; path = KryptosViewModel.swift; sourceTree = "<group>"; };
		74A104D6285789E6004562D4 /* KryptoEntityViewModel.swift */ = {isa = PBXFileReference; fileEncoding = 4; lastKnownFileType = sourcecode.swift; path = KryptoEntityViewModel.swift; sourceTree = "<group>"; };
		74A104D7285789E6004562D4 /* Assets.xcassets */ = {isa = PBXFileReference; lastKnownFileType = folder.assetcatalog; path = Assets.xcassets; sourceTree = "<group>"; };
		74A104EE28578A89004562D4 /* CryptoAPI.xcframework */ = {isa = PBXFileReference; lastKnownFileType = wrapper.xcframework; path = CryptoAPI.xcframework; sourceTree = "<group>"; };
/* End PBXFileReference section */

/* Begin PBXFrameworksBuildPhase section */
		74A104B528578910004562D4 /* Frameworks */ = {
			isa = PBXFrameworksBuildPhase;
			buildActionMask = 2147483647;
			files = (
				74A104EF28578A89004562D4 /* CryptoAPI.xcframework in Frameworks */,
				74A104EA28578A4E004562D4 /* Kingfisher in Frameworks */,
				74A104ED28578A6C004562D4 /* SwiftUICharts in Frameworks */,
				74A104E728578A2C004562D4 /* RealmSwift in Frameworks */,
				74A104E528578A2C004562D4 /* Realm in Frameworks */,
			);
			runOnlyForDeploymentPostprocessing = 0;
		};
/* End PBXFrameworksBuildPhase section */

/* Begin PBXGroup section */
		74A104AF28578910004562D4 = {
			isa = PBXGroup;
			children = (
				74A104EE28578A89004562D4 /* CryptoAPI.xcframework */,
				74A104BA28578910004562D4 /* KryptosGraphein */,
				74A104B928578910004562D4 /* Products */,
			);
			sourceTree = "<group>";
		};
		74A104B928578910004562D4 /* Products */ = {
			isa = PBXGroup;
			children = (
				74A104B828578910004562D4 /* KryptosGraphein.app */,
			);
			name = Products;
			sourceTree = "<group>";
		};
		74A104BA28578910004562D4 /* KryptosGraphein */ = {
			isa = PBXGroup;
			children = (
				74A104CF285789E6004562D4 /* KryptosGrapheinApp.swift */,
				74A104D0285789E6004562D4 /* View */,
				74A104D4285789E6004562D4 /* ViewModel */,
				74A104C9285789E6004562D4 /* Helpers */,
				74A104D7285789E6004562D4 /* Assets.xcassets */,
				74A104CC285789E6004562D4 /* Preview Content */,
			);
			path = KryptosGraphein;
			sourceTree = "<group>";
		};
		74A104C9285789E6004562D4 /* Helpers */ = {
			isa = PBXGroup;
			children = (
				74A104CA285789E6004562D4 /* Persistance.swift */,
				74A104CB285789E6004562D4 /* KryptoFetcher.swift */,
			);
			path = Helpers;
			sourceTree = "<group>";
		};
		74A104CC285789E6004562D4 /* Preview Content */ = {
			isa = PBXGroup;
			children = (
				74A104CD285789E6004562D4 /* Preview Assets.xcassets */,
			);
			path = "Preview Content";
			sourceTree = "<group>";
		};
		74A104D0285789E6004562D4 /* View */ = {
			isa = PBXGroup;
			children = (
				74A104D1285789E6004562D4 /* KryptoDetailsView.swift */,
				74A104D2285789E6004562D4 /* HomeView.swift */,
				74A104D3285789E6004562D4 /* KryptoLineView.swift */,
			);
			path = View;
			sourceTree = "<group>";
		};
		74A104D4285789E6004562D4 /* ViewModel */ = {
			isa = PBXGroup;
			children = (
				74A104D5285789E6004562D4 /* KryptosViewModel.swift */,
				74A104D6285789E6004562D4 /* KryptoEntityViewModel.swift */,
			);
			path = ViewModel;
			sourceTree = "<group>";
		};
/* End PBXGroup section */

/* Begin PBXNativeTarget section */
		74A104B728578910004562D4 /* KryptosGraphein */ = {
			isa = PBXNativeTarget;
			buildConfigurationList = 74A104C628578911004562D4 /* Build configuration list for PBXNativeTarget "KryptosGraphein" */;
			buildPhases = (
				74A104B428578910004562D4 /* Sources */,
				74A104B528578910004562D4 /* Frameworks */,
				74A104B628578910004562D4 /* Resources */,
			);
			buildRules = (
			);
			dependencies = (
			);
			name = KryptosGraphein;
			packageProductDependencies = (
				74A104E428578A2C004562D4 /* Realm */,
				74A104E628578A2C004562D4 /* RealmSwift */,
				74A104E928578A4E004562D4 /* Kingfisher */,
				74A104EC28578A6C004562D4 /* SwiftUICharts */,
			);
			productName = KryptosGraphein;
			productReference = 74A104B828578910004562D4 /* KryptosGraphein.app */;
			productType = "com.apple.product-type.application";
		};
/* End PBXNativeTarget section */

/* Begin PBXProject section */
		74A104B028578910004562D4 /* Project object */ = {
			isa = PBXProject;
			attributes = {
				BuildIndependentTargetsInParallel = 1;
				LastSwiftUpdateCheck = 1340;
				LastUpgradeCheck = 1340;
				TargetAttributes = {
					74A104B728578910004562D4 = {
						CreatedOnToolsVersion = 13.4.1;
						LastSwiftMigration = 1340;
					};
				};
			};
			buildConfigurationList = 74A104B328578910004562D4 /* Build configuration list for PBXProject "KryptosGraphein" */;
			compatibilityVersion = "Xcode 13.0";
			developmentRegion = en;
			hasScannedForEncodings = 0;
			knownRegions = (
				en,
				Base,
			);
			mainGroup = 74A104AF28578910004562D4;
			packageReferences = (
				74A104E328578A2C004562D4 /* XCRemoteSwiftPackageReference "realm-swift" */,
				74A104E828578A4E004562D4 /* XCRemoteSwiftPackageReference "Kingfisher" */,
				74A104EB28578A6C004562D4 /* XCRemoteSwiftPackageReference "ChartView" */,
			);
			productRefGroup = 74A104B928578910004562D4 /* Products */;
			projectDirPath = "";
			projectRoot = "";
			targets = (
				74A104B728578910004562D4 /* KryptosGraphein */,
			);
		};
/* End PBXProject section */

/* Begin PBXResourcesBuildPhase section */
		74A104B628578910004562D4 /* Resources */ = {
			isa = PBXResourcesBuildPhase;
			buildActionMask = 2147483647;
			files = (
				74A104E2285789E6004562D4 /* Assets.xcassets in Resources */,
				74A104DA285789E6004562D4 /* Preview Assets.xcassets in Resources */,
			);
			runOnlyForDeploymentPostprocessing = 0;
		};
/* End PBXResourcesBuildPhase section */

/* Begin PBXSourcesBuildPhase section */
		74A104B428578910004562D4 /* Sources */ = {
			isa = PBXSourcesBuildPhase;
			buildActionMask = 2147483647;
			files = (
				74A104E1285789E6004562D4 /* KryptoEntityViewModel.swift in Sources */,
				74A104DD285789E6004562D4 /* KryptoDetailsView.swift in Sources */,
				74A104DF285789E6004562D4 /* KryptoLineView.swift in Sources */,
				74A104D9285789E6004562D4 /* KryptoFetcher.swift in Sources */,
				74A104DC285789E6004562D4 /* KryptosGrapheinApp.swift in Sources */,
				74A104DE285789E6004562D4 /* HomeView.swift in Sources */,
				74A104D8285789E6004562D4 /* Persistance.swift in Sources */,
				74A104E0285789E6004562D4 /* KryptosViewModel.swift in Sources */,
			);
			runOnlyForDeploymentPostprocessing = 0;
		};
/* End PBXSourcesBuildPhase section */

/* Begin XCBuildConfiguration section */
		74A104C428578911004562D4 /* Debug */ = {
			isa = XCBuildConfiguration;
			buildSettings = {
				ALWAYS_SEARCH_USER_PATHS = NO;
				CLANG_ANALYZER_NONNULL = YES;
				CLANG_ANALYZER_NUMBER_OBJECT_CONVERSION = YES_AGGRESSIVE;
				CLANG_CXX_LANGUAGE_STANDARD = "gnu++17";
				CLANG_ENABLE_MODULES = YES;
				CLANG_ENABLE_OBJC_ARC = YES;
				CLANG_ENABLE_OBJC_WEAK = YES;
				CLANG_WARN_BLOCK_CAPTURE_AUTORELEASING = YES;
				CLANG_WARN_BOOL_CONVERSION = YES;
				CLANG_WARN_COMMA = YES;
				CLANG_WARN_CONSTANT_CONVERSION = YES;
				CLANG_WARN_DEPRECATED_OBJC_IMPLEMENTATIONS = YES;
				CLANG_WARN_DIRECT_OBJC_ISA_USAGE = YES_ERROR;
				CLANG_WARN_DOCUMENTATION_COMMENTS = YES;
				CLANG_WARN_EMPTY_BODY = YES;
				CLANG_WARN_ENUM_CONVERSION = YES;
				CLANG_WARN_INFINITE_RECURSION = YES;
				CLANG_WARN_INT_CONVERSION = YES;
				CLANG_WARN_NON_LITERAL_NULL_CONVERSION = YES;
				CLANG_WARN_OBJC_IMPLICIT_RETAIN_SELF = YES;
				CLANG_WARN_OBJC_LITERAL_CONVERSION = YES;
				CLANG_WARN_OBJC_ROOT_CLASS = YES_ERROR;
				CLANG_WARN_QUOTED_INCLUDE_IN_FRAMEWORK_HEADER = YES;
				CLANG_WARN_RANGE_LOOP_ANALYSIS = YES;
				CLANG_WARN_STRICT_PROTOTYPES = YES;
				CLANG_WARN_SUSPICIOUS_MOVE = YES;
				CLANG_WARN_UNGUARDED_AVAILABILITY = YES_AGGRESSIVE;
				CLANG_WARN_UNREACHABLE_CODE = YES;
				CLANG_WARN__DUPLICATE_METHOD_MATCH = YES;
				COPY_PHASE_STRIP = NO;
				DEBUG_INFORMATION_FORMAT = dwarf;
				ENABLE_STRICT_OBJC_MSGSEND = YES;
				ENABLE_TESTABILITY = YES;
				GCC_C_LANGUAGE_STANDARD = gnu11;
				GCC_DYNAMIC_NO_PIC = NO;
				GCC_NO_COMMON_BLOCKS = YES;
				GCC_OPTIMIZATION_LEVEL = 0;
				GCC_PREPROCESSOR_DEFINITIONS = (
					"DEBUG=1",
					"$(inherited)",
				);
				GCC_WARN_64_TO_32_BIT_CONVERSION = YES;
				GCC_WARN_ABOUT_RETURN_TYPE = YES_ERROR;
				GCC_WARN_UNDECLARED_SELECTOR = YES;
				GCC_WARN_UNINITIALIZED_AUTOS = YES_AGGRESSIVE;
				GCC_WARN_UNUSED_FUNCTION = YES;
				GCC_WARN_UNUSED_VARIABLE = YES;
				IPHONEOS_DEPLOYMENT_TARGET = 15.5;
				MTL_ENABLE_DEBUG_INFO = INCLUDE_SOURCE;
				MTL_FAST_MATH = YES;
				ONLY_ACTIVE_ARCH = YES;
				SDKROOT = iphoneos;
				SWIFT_ACTIVE_COMPILATION_CONDITIONS = DEBUG;
				SWIFT_OPTIMIZATION_LEVEL = "-Onone";
			};
			name = Debug;
		};
		74A104C528578911004562D4 /* Release */ = {
			isa = XCBuildConfiguration;
			buildSettings = {
				ALWAYS_SEARCH_USER_PATHS = NO;
				CLANG_ANALYZER_NONNULL = YES;
				CLANG_ANALYZER_NUMBER_OBJECT_CONVERSION = YES_AGGRESSIVE;
				CLANG_CXX_LANGUAGE_STANDARD = "gnu++17";
				CLANG_ENABLE_MODULES = YES;
				CLANG_ENABLE_OBJC_ARC = YES;
				CLANG_ENABLE_OBJC_WEAK = YES;
				CLANG_WARN_BLOCK_CAPTURE_AUTORELEASING = YES;
				CLANG_WARN_BOOL_CONVERSION = YES;
				CLANG_WARN_COMMA = YES;
				CLANG_WARN_CONSTANT_CONVERSION = YES;
				CLANG_WARN_DEPRECATED_OBJC_IMPLEMENTATIONS = YES;
				CLANG_WARN_DIRECT_OBJC_ISA_USAGE = YES_ERROR;
				CLANG_WARN_DOCUMENTATION_COMMENTS = YES;
				CLANG_WARN_EMPTY_BODY = YES;
				CLANG_WARN_ENUM_CONVERSION = YES;
				CLANG_WARN_INFINITE_RECURSION = YES;
				CLANG_WARN_INT_CONVERSION = YES;
				CLANG_WARN_NON_LITERAL_NULL_CONVERSION = YES;
				CLANG_WARN_OBJC_IMPLICIT_RETAIN_SELF = YES;
				CLANG_WARN_OBJC_LITERAL_CONVERSION = YES;
				CLANG_WARN_OBJC_ROOT_CLASS = YES_ERROR;
				CLANG_WARN_QUOTED_INCLUDE_IN_FRAMEWORK_HEADER = YES;
				CLANG_WARN_RANGE_LOOP_ANALYSIS = YES;
				CLANG_WARN_STRICT_PROTOTYPES = YES;
				CLANG_WARN_SUSPICIOUS_MOVE = YES;
				CLANG_WARN_UNGUARDED_AVAILABILITY = YES_AGGRESSIVE;
				CLANG_WARN_UNREACHABLE_CODE = YES;
				CLANG_WARN__DUPLICATE_METHOD_MATCH = YES;
				COPY_PHASE_STRIP = NO;
				DEBUG_INFORMATION_FORMAT = "dwarf-with-dsym";
				ENABLE_NS_ASSERTIONS = NO;
				ENABLE_STRICT_OBJC_MSGSEND = YES;
				GCC_C_LANGUAGE_STANDARD = gnu11;
				GCC_NO_COMMON_BLOCKS = YES;
				GCC_WARN_64_TO_32_BIT_CONVERSION = YES;
				GCC_WARN_ABOUT_RETURN_TYPE = YES_ERROR;
				GCC_WARN_UNDECLARED_SELECTOR = YES;
				GCC_WARN_UNINITIALIZED_AUTOS = YES_AGGRESSIVE;
				GCC_WARN_UNUSED_FUNCTION = YES;
				GCC_WARN_UNUSED_VARIABLE = YES;
				IPHONEOS_DEPLOYMENT_TARGET = 15.5;
				MTL_ENABLE_DEBUG_INFO = NO;
				MTL_FAST_MATH = YES;
				SDKROOT = iphoneos;
				SWIFT_COMPILATION_MODE = wholemodule;
				SWIFT_OPTIMIZATION_LEVEL = "-O";
				VALIDATE_PRODUCT = YES;
			};
			name = Release;
		};
		74A104C728578911004562D4 /* Debug */ = {
			isa = XCBuildConfiguration;
			buildSettings = {
				ASSETCATALOG_COMPILER_APPICON_NAME = AppIcon;
				ASSETCATALOG_COMPILER_GLOBAL_ACCENT_COLOR_NAME = AccentColor;
				CLANG_ENABLE_MODULES = YES;
				CODE_SIGN_STYLE = Automatic;
				CURRENT_PROJECT_VERSION = 1;
				DEVELOPMENT_ASSET_PATHS = "\"KryptosGraphein/Preview Content\"";
				ENABLE_PREVIEWS = YES;
				GENERATE_INFOPLIST_FILE = YES;
				INFOPLIST_KEY_UIApplicationSceneManifest_Generation = YES;
				INFOPLIST_KEY_UIApplicationSupportsIndirectInputEvents = YES;
				INFOPLIST_KEY_UILaunchScreen_Generation = YES;
				INFOPLIST_KEY_UISupportedInterfaceOrientations_iPad = "UIInterfaceOrientationPortrait UIInterfaceOrientationPortraitUpsideDown UIInterfaceOrientationLandscapeLeft UIInterfaceOrientationLandscapeRight";
				INFOPLIST_KEY_UISupportedInterfaceOrientations_iPhone = "UIInterfaceOrientationPortrait UIInterfaceOrientationLandscapeLeft UIInterfaceOrientationLandscapeRight";
				LD_RUNPATH_SEARCH_PATHS = (
					"$(inherited)",
					"@executable_path/Frameworks",
				);
				MARKETING_VERSION = 1.0;
				PRODUCT_BUNDLE_IDENTIFIER = com.mujo.KryptosGraphein;
				PRODUCT_NAME = "$(TARGET_NAME)";
				SWIFT_EMIT_LOC_STRINGS = YES;
				SWIFT_OPTIMIZATION_LEVEL = "-Onone";
				SWIFT_VERSION = 5.0;
				TARGETED_DEVICE_FAMILY = "1,2";
			};
			name = Debug;
		};
		74A104C828578911004562D4 /* Release */ = {
			isa = XCBuildConfiguration;
			buildSettings = {
				ASSETCATALOG_COMPILER_APPICON_NAME = AppIcon;
				ASSETCATALOG_COMPILER_GLOBAL_ACCENT_COLOR_NAME = AccentColor;
				CLANG_ENABLE_MODULES = YES;
				CODE_SIGN_STYLE = Automatic;
				CURRENT_PROJECT_VERSION = 1;
				DEVELOPMENT_ASSET_PATHS = "\"KryptosGraphein/Preview Content\"";
				ENABLE_PREVIEWS = YES;
				GENERATE_INFOPLIST_FILE = YES;
				INFOPLIST_KEY_UIApplicationSceneManifest_Generation = YES;
				INFOPLIST_KEY_UIApplicationSupportsIndirectInputEvents = YES;
				INFOPLIST_KEY_UILaunchScreen_Generation = YES;
				INFOPLIST_KEY_UISupportedInterfaceOrientations_iPad = "UIInterfaceOrientationPortrait UIInterfaceOrientationPortraitUpsideDown UIInterfaceOrientationLandscapeLeft UIInterfaceOrientationLandscapeRight";
				INFOPLIST_KEY_UISupportedInterfaceOrientations_iPhone = "UIInterfaceOrientationPortrait UIInterfaceOrientationLandscapeLeft UIInterfaceOrientationLandscapeRight";
				LD_RUNPATH_SEARCH_PATHS = (
					"$(inherited)",
					"@executable_path/Frameworks",
				);
				MARKETING_VERSION = 1.0;
				PRODUCT_BUNDLE_IDENTIFIER = com.mujo.KryptosGraphein;
				PRODUCT_NAME = "$(TARGET_NAME)";
				SWIFT_EMIT_LOC_STRINGS = YES;
				SWIFT_VERSION = 5.0;
				TARGETED_DEVICE_FAMILY = "1,2";
			};
			name = Release;
		};
/* End XCBuildConfiguration section */

/* Begin XCConfigurationList section */
		74A104B328578910004562D4 /* Build configuration list for PBXProject "KryptosGraphein" */ = {
			isa = XCConfigurationList;
			buildConfigurations = (
				74A104C428578911004562D4 /* Debug */,
				74A104C528578911004562D4 /* Release */,
			);
			defaultConfigurationIsVisible = 0;
			defaultConfigurationName = Release;
		};
		74A104C628578911004562D4 /* Build configuration list for PBXNativeTarget "KryptosGraphein" */ = {
			isa = XCConfigurationList;
			buildConfigurations = (
				74A104C728578911004562D4 /* Debug */,
				74A104C828578911004562D4 /* Release */,
			);
			defaultConfigurationIsVisible = 0;
			defaultConfigurationName = Release;
		};
/* End XCConfigurationList section */

/* Begin XCRemoteSwiftPackageReference section */
		74A104E328578A2C004562D4 /* XCRemoteSwiftPackageReference "realm-swift" */ = {
			isa = XCRemoteSwiftPackageReference;
			repositoryURL = "https://github.com/realm/realm-swift.git";
			requirement = {
				branch = master;
				kind = branch;
			};
		};
		74A104E828578A4E004562D4 /* XCRemoteSwiftPackageReference "Kingfisher" */ = {
			isa = XCRemoteSwiftPackageReference;
			repositoryURL = "https://github.com/onevcat/Kingfisher.git";
			requirement = {
				kind = upToNextMajorVersion;
				minimumVersion = 7.0.0;
			};
		};
		74A104EB28578A6C004562D4 /* XCRemoteSwiftPackageReference "ChartView" */ = {
			isa = XCRemoteSwiftPackageReference;
			repositoryURL = "https://github.com/AppPear/ChartView";
			requirement = {
				kind = upToNextMajorVersion;
				minimumVersion = 1.0.0;
			};
		};
/* End XCRemoteSwiftPackageReference section */

/* Begin XCSwiftPackageProductDependency section */
		74A104E428578A2C004562D4 /* Realm */ = {
			isa = XCSwiftPackageProductDependency;
			package = 74A104E328578A2C004562D4 /* XCRemoteSwiftPackageReference "realm-swift" */;
			productName = Realm;
		};
		74A104E628578A2C004562D4 /* RealmSwift */ = {
			isa = XCSwiftPackageProductDependency;
			package = 74A104E328578A2C004562D4 /* XCRemoteSwiftPackageReference "realm-swift" */;
			productName = RealmSwift;
		};
		74A104E928578A4E004562D4 /* Kingfisher */ = {
			isa = XCSwiftPackageProductDependency;
			package = 74A104E828578A4E004562D4 /* XCRemoteSwiftPackageReference "Kingfisher" */;
			productName = Kingfisher;
		};
		74A104EC28578A6C004562D4 /* SwiftUICharts */ = {
			isa = XCSwiftPackageProductDependency;
			package = 74A104EB28578A6C004562D4 /* XCRemoteSwiftPackageReference "ChartView" */;
			productName = SwiftUICharts;
		};
/* End XCSwiftPackageProductDependency section */
	};
	rootObject = 74A104B028578910004562D4 /* Project object */;
}
